
Microsoft Visual Studio Solution File, Format Version 12.00
# Visual Studio 15
VisualStudioVersion = 15.0.28010.2026
MinimumVisualStudioVersion = 10.0.40219.1
Project("{FAE04EC0-301F-11D3-BF4B-00C04F79EFBC}") = "JaghabHw1", "JaghabHw1\JaghabHw1.csproj", "{7F809B20-BA64-4263-9DA5-510C19E9D173}"
EndProject
Global
	GlobalSection(SolutionConfigurationPlatforms) = preSolution
		Debug|Any CPU = Debug|Any CPU
		Release|Any CPU = Release|Any CPU
	EndGlobalSection
	GlobalSection(ProjectConfigurationPlatforms) = postSolution
		{7F809B20-BA64-4263-9DA5-510C19E9D173}.Debug|Any CPU.ActiveCfg = Debug|Any CPU
		{7F809B20-BA64-4263-9DA5-510C19E9D173}.Debug|Any CPU.Build.0 = Debug|Any CPU
		{7F809B20-BA64-4263-9DA5-510C19E9D173}.Release|Any CPU.ActiveCfg = Release|Any CPU
		{7F809B20-BA64-4263-9DA5-510C19E9D173}.Release|Any CPU.Build.0 = Release|Any CPU
	EndGlobalSection
	GlobalSection(SolutionProperties) = preSolution
		HideSolutionNode = FALSE
	EndGlobalSection
	GlobalSection(ExtensibilityGlobals) = postSolution
		SolutionGuid = {EBE275BB-BD81-4888-96EC-55BFECD74B48}
	EndGlobalSection
EndGlobal
